
Microsoft Visual Studio Solution File, Format Version 12.00
# Visual Studio Version 16
VisualStudioVersion = 16.0.30204.135
MinimumVisualStudioVersion = 10.0.40219.1
Project("{FAE04EC0-301F-11D3-BF4B-00C04F79EFBC}") = "WindowsFormsApp1", "WindowsFormsApp1\WindowsFormsApp1.csproj", "{5F17E946-498C-4D87-914F-49AEFE316C56}"
EndProject
Global
	GlobalSection(SolutionConfigurationPlatforms) = preSolution
		Debug|Any CPU = Debug|Any CPU
		Release|Any CPU = Release|Any CPU
	EndGlobalSection
	GlobalSection(ProjectConfigurationPlatforms) = postSolution
		{5F17E946-498C-4D87-914F-49AEFE316C56}.Debug|Any CPU.ActiveCfg = Debug|Any CPU
		{5F17E946-498C-4D87-914F-49AEFE316C56}.Debug|Any CPU.Build.0 = Debug|Any CPU
		{5F17E946-498C-4D87-914F-49AEFE316C56}.Release|Any CPU.ActiveCfg = Release|Any CPU
		{5F17E946-498C-4D87-914F-49AEFE316C56}.Release|Any CPU.Build.0 = Release|Any CPU
	EndGlobalSection
	GlobalSection(SolutionProperties) = preSolution
		HideSolutionNode = FALSE
	EndGlobalSection
	GlobalSection(ExtensibilityGlobals) = postSolution
		SolutionGuid = {E52256BA-217F-4AE9-A0C3-523389E1EE8F}
	EndGlobalSection
EndGlobal
